
Microsoft Visual Studio Solution File, Format Version 12.00
# Visual Studio Version 16
VisualStudioVersion = 16.0.31624.102
MinimumVisualStudioVersion = 10.0.40219.1
Project("{FAE04EC0-301F-11D3-BF4B-00C04F79EFBC}") = "LINQ", "LINQ.csproj", "{D8A8A6A3-D76B-40CF-A1F7-4AB11FF7FF13}"
EndProject
Global
	GlobalSection(SolutionConfigurationPlatforms) = preSolution
		Debug|Any CPU = Debug|Any CPU
		Release|Any CPU = Release|Any CPU
	EndGlobalSection
	GlobalSection(ProjectConfigurationPlatforms) = postSolution
		{D8A8A6A3-D76B-40CF-A1F7-4AB11FF7FF13}.Debug|Any CPU.ActiveCfg = Debug|Any CPU
		{D8A8A6A3-D76B-40CF-A1F7-4AB11FF7FF13}.Debug|Any CPU.Build.0 = Debug|Any CPU
		{D8A8A6A3-D76B-40CF-A1F7-4AB11FF7FF13}.Release|Any CPU.ActiveCfg = Release|Any CPU
		{D8A8A6A3-D76B-40CF-A1F7-4AB11FF7FF13}.Release|Any CPU.Build.0 = Release|Any CPU
	EndGlobalSection
	GlobalSection(SolutionProperties) = preSolution
		HideSolutionNode = FALSE
	EndGlobalSection
	GlobalSection(ExtensibilityGlobals) = postSolution
		SolutionGuid = {629BAE20-3E44-4156-AC77-1C116322A62E}
	EndGlobalSection
EndGlobal
